// !$*UTF8*$!
{
	archiveVersion = 1;
	classes = {
	};
	objectVersion = 46;
	objects = {

/* Begin PBXBuildFile section */
		9A59A50C1D10A1EF004E54AB /* AppDelegate.swift in Sources */ = {isa = PBXBuildFile; fileRef = 9A59A50B1D10A1EF004E54AB /* AppDelegate.swift */; };
		9A59A50E1D10A1EF004E54AB /* ViewController.swift in Sources */ = {isa = PBXBuildFile; fileRef = 9A59A50D1D10A1EF004E54AB /* ViewController.swift */; };
		9A59A5111D10A1EF004E54AB /* Main.storyboard in Resources */ = {isa = PBXBuildFile; fileRef = 9A59A50F1D10A1EF004E54AB /* Main.storyboard */; };
		9A59A5131D10A1EF004E54AB /* Assets.xcassets in Resources */ = {isa = PBXBuildFile; fileRef = 9A59A5121D10A1EF004E54AB /* Assets.xcassets */; };
		9A59A5161D10A1EF004E54AB /* LaunchScreen.storyboard in Resources */ = {isa = PBXBuildFile; fileRef = 9A59A5141D10A1EF004E54AB /* LaunchScreen.storyboard */; };
		9A59A5211D10A1EF004E54AB /* Tip_CalculatorTests.swift in Sources */ = {isa = PBXBuildFile; fileRef = 9A59A5201D10A1EF004E54AB /* Tip_CalculatorTests.swift */; };
		9A59A52C1D10A1EF004E54AB /* Tip_CalculatorUITests.swift in Sources */ = {isa = PBXBuildFile; fileRef = 9A59A52B1D10A1EF004E54AB /* Tip_CalculatorUITests.swift */; };
/* End PBXBuildFile section */

/* Begin PBXContainerItemProxy section */
		9A59A51D1D10A1EF004E54AB /* PBXContainerItemProxy */ = {
			isa = PBXContainerItemProxy;
			containerPortal = 9A59A5001D10A1EF004E54AB /* Project object */;
			proxyType = 1;
			remoteGlobalIDString = 9A59A5071D10A1EF004E54AB;
			remoteInfo = "Tip Calculator";
		};
		9A59A5281D10A1EF004E54AB /* PBXContainerItemProxy */ = {
			isa = PBXContainerItemProxy;
			containerPortal = 9A59A5001D10A1EF004E54AB /* Project object */;
			proxyType = 1;
			remoteGlobalIDString = 9A59A5071D10A1EF004E54AB;
			remoteInfo = "Tip Calculator";
		};
/* End PBXContainerItemProxy section */

/* Begin PBXFileReference section */
		9A59A5081D10A1EF004E54AB /* Tip Calculator.app */ = {isa = PBXFileReference; explicitFileType = wrapper.application; includeInIndex = 0; path = "Tip Calculator.app"; sourceTree = BUILT_PRODUCTS_DIR; };
		9A59A50B1D10A1EF004E54AB /* AppDelegate.swift */ = {isa = PBXFileReference; lastKnownFileType = sourcecode.swift; path = AppDelegate.swift; sourceTree = "<group>"; };
		9A59A50D1D10A1EF004E54AB /* ViewController.swift */ = {isa = PBXFileReference; lastKnownFileType = sourcecode.swift; path = ViewController.swift; sourceTree = "<group>"; };
		9A59A5101D10A1EF004E54AB /* Base */ = {isa = PBXFileReference; lastKnownFileType = file.storyboard; name = Base; path = Base.lproj/Main.storyboard; sourceTree = "<group>"; };
		9A59A5121D10A1EF004E54AB /* Assets.xcassets */ = {isa = PBXFileReference; lastKnownFileType = folder.assetcatalog; path = Assets.xcassets; sourceTree = "<group>"; };
		9A59A5151D10A1EF004E54AB /* Base */ = {isa = PBXFileReference; lastKnownFileType = file.storyboard; name = Base; path = Base.lproj/LaunchScreen.storyboard; sourceTree = "<group>"; };
		9A59A5171D10A1EF004E54AB /* Info.plist */ = {isa = PBXFileReference; lastKnownFileType = text.plist.xml; path = Info.plist; sourceTree = "<group>"; };
		9A59A51C1D10A1EF004E54AB /* Tip CalculatorTests.xctest */ = {isa = PBXFileReference; explicitFileType = wrapper.cfbundle; includeInIndex = 0; path = "Tip CalculatorTests.xctest"; sourceTree = BUILT_PRODUCTS_DIR; };
		9A59A5201D10A1EF004E54AB /* Tip_CalculatorTests.swift */ = {isa = PBXFileReference; lastKnownFileType = sourcecode.swift; path = Tip_CalculatorTests.swift; sourceTree = "<group>"; };
		9A59A5221D10A1EF004E54AB /* Info.plist */ = {isa = PBXFileReference; lastKnownFileType = text.plist.xml; path = Info.plist; sourceTree = "<group>"; };
		9A59A5271D10A1EF004E54AB /* Tip CalculatorUITests.xctest */ = {isa = PBXFileReference; explicitFileType = wrapper.cfbundle; includeInIndex = 0; path = "Tip CalculatorUITests.xctest"; sourceTree = BUILT_PRODUCTS_DIR; };
		9A59A52B1D10A1EF004E54AB /* Tip_CalculatorUITests.swift */ = {isa = PBXFileReference; lastKnownFileType = sourcecode.swift; path = Tip_CalculatorUITests.swift; sourceTree = "<group>"; };
		9A59A52D1D10A1EF004E54AB /* Info.plist */ = {isa = PBXFileReference; lastKnownFileType = text.plist.xml; path = Info.plist; sourceTree = "<group>"; };
/* End PBXFileReference section */

/* Begin PBXFrameworksBuildPhase section */
		9A59A5051D10A1EF004E54AB /* Frameworks */ = {
			isa = PBXFrameworksBuildPhase;
			buildActionMask = 2147483647;
			files = (
			);
			runOnlyForDeploymentPostprocessing = 0;
		};
		9A59A5191D10A1EF004E54AB /* Frameworks */ = {
			isa = PBXFrameworksBuildPhase;
			buildActionMask = 2147483647;
			files = (
			);
			runOnlyForDeploymentPostprocessing = 0;
		};
		9A59A5241D10A1EF004E54AB /* Frameworks */ = {
			isa = PBXFrameworksBuildPhase;
			buildActionMask = 2147483647;
			files = (
			);
			runOnlyForDeploymentPostprocessing = 0;
		};
/* End PBXFrameworksBuildPhase section */

/* Begin PBXGroup section */
		9A59A4FF1D10A1EF004E54AB = {
			isa = PBXGroup;
			children = (
				9A59A50A1D10A1EF004E54AB /* Tip Calculator */,
				9A59A51F1D10A1EF004E54AB /* Tip CalculatorTests */,
				9A59A52A1D10A1EF004E54AB /* Tip CalculatorUITests */,
				9A59A5091D10A1EF004E54AB /* Products */,
			);
			sourceTree = "<group>";
		};
		9A59A5091D10A1EF004E54AB /* Products */ = {
			isa = PBXGroup;
			children = (
				9A59A5081D10A1EF004E54AB /* Tip Calculator.app */,
				9A59A51C1D10A1EF004E54AB /* Tip CalculatorTests.xctest */,
				9A59A5271D10A1EF004E54AB /* Tip CalculatorUITests.xctest */,
			);
			name = Products;
			sourceTree = "<group>";
		};
		9A59A50A1D10A1EF004E54AB /* Tip Calculator */ = {
			isa = PBXGroup;
			children = (
				9A59A50B1D10A1EF004E54AB /* AppDelegate.swift */,
				9A59A50D1D10A1EF004E54AB /* ViewController.swift */,
				9A59A50F1D10A1EF004E54AB /* Main.storyboard */,
				9A59A5121D10A1EF004E54AB /* Assets.xcassets */,
				9A59A5141D10A1EF004E54AB /* LaunchScreen.storyboard */,
				9A59A5171D10A1EF004E54AB /* Info.plist */,
			);
			path = "Tip Calculator";
			sourceTree = "<group>";
		};
		9A59A51F1D10A1EF004E54AB /* Tip CalculatorTests */ = {
			isa = PBXGroup;
			children = (
				9A59A5201D10A1EF004E54AB /* Tip_CalculatorTests.swift */,
				9A59A5221D10A1EF004E54AB /* Info.plist */,
			);
			path = "Tip CalculatorTests";
			sourceTree = "<group>";
		};
		9A59A52A1D10A1EF004E54AB /* Tip CalculatorUITests */ = {
			isa = PBXGroup;
			children = (
				9A59A52B1D10A1EF004E54AB /* Tip_CalculatorUITests.swift */,
				9A59A52D1D10A1EF004E54AB /* Info.plist */,
			);
			path = "Tip CalculatorUITests";
			sourceTree = "<group>";
		};
/* End PBXGroup section */

/* Begin PBXNativeTarget section */
		9A59A5071D10A1EF004E54AB /* Tip Calculator */ = {
			isa = PBXNativeTarget;
			buildConfigurationList = 9A59A5301D10A1EF004E54AB /* Build configuration list for PBXNativeTarget "Tip Calculator" */;
			buildPhases = (
				9A59A5041D10A1EF004E54AB /* Sources */,
				9A59A5051D10A1EF004E54AB /* Frameworks */,
				9A59A5061D10A1EF004E54AB /* Resources */,
			);
			buildRules = (
			);
			dependencies = (
			);
			name = "Tip Calculator";
			productName = "Tip Calculator";
			productReference = 9A59A5081D10A1EF004E54AB /* Tip Calculator.app */;
			productType = "com.apple.product-type.application";
		};
		9A59A51B1D10A1EF004E54AB /* Tip CalculatorTests */ = {
			isa = PBXNativeTarget;
			buildConfigurationList = 9A59A5331D10A1EF004E54AB /* Build configuration list for PBXNativeTarget "Tip CalculatorTests" */;
			buildPhases = (
				9A59A5181D10A1EF004E54AB /* Sources */,
				9A59A5191D10A1EF004E54AB /* Frameworks */,
				9A59A51A1D10A1EF004E54AB /* Resources */,
			);
			buildRules = (
			);
			dependencies = (
				9A59A51E1D10A1EF004E54AB /* PBXTargetDependency */,
			);
			name = "Tip CalculatorTests";
			productName = "Tip CalculatorTests";
			productReference = 9A59A51C1D10A1EF004E54AB /* Tip CalculatorTests.xctest */;
			productType = "com.apple.product-type.bundle.unit-test";
		};
		9A59A5261D10A1EF004E54AB /* Tip CalculatorUITests */ = {
			isa = PBXNativeTarget;
			buildConfigurationList = 9A59A5361D10A1EF004E54AB /* Build configuration list for PBXNativeTarget "Tip CalculatorUITests" */;
			buildPhases = (
				9A59A5231D10A1EF004E54AB /* Sources */,
				9A59A5241D10A1EF004E54AB /* Frameworks */,
				9A59A5251D10A1EF004E54AB /* Resources */,
			);
			buildRules = (
			);
			dependencies = (
				9A59A5291D10A1EF004E54AB /* PBXTargetDependency */,
			);
			name = "Tip CalculatorUITests";
			productName = "Tip CalculatorUITests";
			productReference = 9A59A5271D10A1EF004E54AB /* Tip CalculatorUITests.xctest */;
			productType = "com.apple.product-type.bundle.ui-testing";
		};
/* End PBXNativeTarget section */

/* Begin PBXProject section */
		9A59A5001D10A1EF004E54AB /* Project object */ = {
			isa = PBXProject;
			attributes = {
				LastSwiftUpdateCheck = 0730;
				LastUpgradeCheck = 0730;
				ORGANIZATIONNAME = "Prachi Bodas";
				TargetAttributes = {
					9A59A5071D10A1EF004E54AB = {
						CreatedOnToolsVersion = 7.3.1;
						DevelopmentTeam = 4S377L838K;
					};
					9A59A51B1D10A1EF004E54AB = {
						CreatedOnToolsVersion = 7.3.1;
						TestTargetID = 9A59A5071D10A1EF004E54AB;
					};
					9A59A5261D10A1EF004E54AB = {
						CreatedOnToolsVersion = 7.3.1;
						TestTargetID = 9A59A5071D10A1EF004E54AB;
					};
				};
			};
			buildConfigurationList = 9A59A5031D10A1EF004E54AB /* Build configuration list for PBXProject "Tip Calculator" */;
			compatibilityVersion = "Xcode 3.2";
			developmentRegion = English;
			hasScannedForEncodings = 0;
			knownRegions = (
				en,
				Base,
			);
			mainGroup = 9A59A4FF1D10A1EF004E54AB;
			productRefGroup = 9A59A5091D10A1EF004E54AB /* Products */;
			projectDirPath = "";
			projectRoot = "";
			targets = (
				9A59A5071D10A1EF004E54AB /* Tip Calculator */,
				9A59A51B1D10A1EF004E54AB /* Tip CalculatorTests */,
				9A59A5261D10A1EF004E54AB /* Tip CalculatorUITests */,
			);
		};
/* End PBXProject section */

/* Begin PBXResourcesBuildPhase section */
		9A59A5061D10A1EF004E54AB /* Resources */ = {
			isa = PBXResourcesBuildPhase;
			buildActionMask = 2147483647;
			files = (
				9A59A5161D10A1EF004E54AB /* LaunchScreen.storyboard in Resources */,
				9A59A5131D10A1EF004E54AB /* Assets.xcassets in Resources */,
				9A59A5111D10A1EF004E54AB /* Main.storyboard in Resources */,
			);
			runOnlyForDeploymentPostprocessing = 0;
		};
		9A59A51A1D10A1EF004E54AB /* Resources */ = {
			isa = PBXResourcesBuildPhase;
			buildActionMask = 2147483647;
			files = (
			);
			runOnlyForDeploymentPostprocessing = 0;
		};
		9A59A5251D10A1EF004E54AB /* Resources */ = {
			isa = PBXResourcesBuildPhase;
			buildActionMask = 2147483647;
			files = (
			);
			runOnlyForDeploymentPostprocessing = 0;
		};
/* End PBXResourcesBuildPhase section */

/* Begin PBXSourcesBuildPhase section */
		9A59A5041D10A1EF004E54AB /* Sources */ = {
			isa = PBXSourcesBuildPhase;
			buildActionMask = 2147483647;
			files = (
				9A59A50E1D10A1EF004E54AB /* ViewController.swift in Sources */,
				9A59A50C1D10A1EF004E54AB /* AppDelegate.swift in Sources */,
			);
			runOnlyForDeploymentPostprocessing = 0;
		};
		9A59A5181D10A1EF004E54AB /* Sources */ = {
			isa = PBXSourcesBuildPhase;
			buildActionMask = 2147483647;
			files = (
				9A59A5211D10A1EF004E54AB /* Tip_CalculatorTests.swift in Sources */,
			);
			runOnlyForDeploymentPostprocessing = 0;
		};
		9A59A5231D10A1EF004E54AB /* Sources */ = {
			isa = PBXSourcesBuildPhase;
			buildActionMask = 2147483647;
			files = (
				9A59A52C1D10A1EF004E54AB /* Tip_CalculatorUITests.swift in Sources */,
			);
			runOnlyForDeploymentPostprocessing = 0;
		};
/* End PBXSourcesBuildPhase section */

/* Begin PBXTargetDependency section */
		9A59A51E1D10A1EF004E54AB /* PBXTargetDependency */ = {
			isa = PBXTargetDependency;
			target = 9A59A5071D10A1EF004E54AB /* Tip Calculator */;
			targetProxy = 9A59A51D1D10A1EF004E54AB /* PBXContainerItemProxy */;
		};
		9A59A5291D10A1EF004E54AB /* PBXTargetDependency */ = {
			isa = PBXTargetDependency;
			target = 9A59A5071D10A1EF004E54AB /* Tip Calculator */;
			targetProxy = 9A59A5281D10A1EF004E54AB /* PBXContainerItemProxy */;
		};
/* End PBXTargetDependency section */

/* Begin PBXVariantGroup section */
		9A59A50F1D10A1EF004E54AB /* Main.storyboard */ = {
			isa = PBXVariantGroup;
			children = (
				9A59A5101D10A1EF004E54AB /* Base */,
			);
			name = Main.storyboard;
			sourceTree = "<group>";
		};
		9A59A5141D10A1EF004E54AB /* LaunchScreen.storyboard */ = {
			isa = PBXVariantGroup;
			children = (
				9A59A5151D10A1EF004E54AB /* Base */,
			);
			name = LaunchScreen.storyboard;
			sourceTree = "<group>";
		};
/* End PBXVariantGroup section */

/* Begin XCBuildConfiguration section */
		9A59A52E1D10A1EF004E54AB /* Debug */ = {
			isa = XCBuildConfiguration;
			buildSettings = {
				ALWAYS_SEARCH_USER_PATHS = NO;
				CLANG_ANALYZER_NONNULL = YES;
				CLANG_CXX_LANGUAGE_STANDARD = "gnu++0x";
				CLANG_CXX_LIBRARY = "libc++";
				CLANG_ENABLE_MODULES = YES;
				CLANG_ENABLE_OBJC_ARC = YES;
				CLANG_WARN_BOOL_CONVERSION = YES;
				CLANG_WARN_CONSTANT_CONVERSION = YES;
				CLANG_WARN_DIRECT_OBJC_ISA_USAGE = YES_ERROR;
				CLANG_WARN_EMPTY_BODY = YES;
				CLANG_WARN_ENUM_CONVERSION = YES;
				CLANG_WARN_INT_CONVERSION = YES;
				CLANG_WARN_OBJC_ROOT_CLASS = YES_ERROR;
				CLANG_WARN_UNREACHABLE_CODE = YES;
				CLANG_WARN__DUPLICATE_METHOD_MATCH = YES;
				"CODE_SIGN_IDENTITY[sdk=iphoneos*]" = "iPhone Developer";
				COPY_PHASE_STRIP = NO;
				DEBUG_INFORMATION_FORMAT = dwarf;
				ENABLE_STRICT_OBJC_MSGSEND = YES;
				ENABLE_TESTABILITY = YES;
				GCC_C_LANGUAGE_STANDARD = gnu99;
				GCC_DYNAMIC_NO_PIC = NO;
				GCC_NO_COMMON_BLOCKS = YES;
				GCC_OPTIMIZATION_LEVEL = 0;
				GCC_PREPROCESSOR_DEFINITIONS = (
					"DEBUG=1",
					"$(inherited)",
				);
				GCC_WARN_64_TO_32_BIT_CONVERSION = YES;
				GCC_WARN_ABOUT_RETURN_TYPE = YES_ERROR;
				GCC_WARN_UNDECLARED_SELECTOR = YES;
				GCC_WARN_UNINITIALIZED_AUTOS = YES_AGGRESSIVE;
				GCC_WARN_UNUSED_FUNCTION = YES;
				GCC_WARN_UNUSED_VARIABLE = YES;
				IPHONEOS_DEPLOYMENT_TARGET = 9.3;
				MTL_ENABLE_DEBUG_INFO = YES;
				ONLY_ACTIVE_ARCH = YES;
				SDKROOT = iphoneos;
				SWIFT_OPTIMIZATION_LEVEL = "-Onone";
				TARGETED_DEVICE_FAMILY = "1,2";
			};
			name = Debug;
		};
		9A59A52F1D10A1EF004E54AB /* Release */ = {
			isa = XCBuildConfiguration;
			buildSettings = {
				ALWAYS_SEARCH_USER_PATHS = NO;
				CLANG_ANALYZER_NONNULL = YES;
				CLANG_CXX_LANGUAGE_STANDARD = "gnu++0x";
				CLANG_CXX_LIBRARY = "libc++";
				CLANG_ENABLE_MODULES = YES;
				CLANG_ENABLE_OBJC_ARC = YES;
				CLANG_WARN_BOOL_CONVERSION = YES;
				CLANG_WARN_CONSTANT_CONVERSION = YES;
				CLANG_WARN_DIRECT_OBJC_ISA_USAGE = YES_ERROR;
				CLANG_WARN_EMPTY_BODY = YES;
				CLANG_WARN_ENUM_CONVERSION = YES;
				CLANG_WARN_INT_CONVERSION = YES;
				CLANG_WARN_OBJC_ROOT_CLASS = YES_ERROR;
				CLANG_WARN_UNREACHABLE_CODE = YES;
				CLANG_WARN__DUPLICATE_METHOD_MATCH = YES;
				"CODE_SIGN_IDENTITY[sdk=iphoneos*]" = "iPhone Developer";
				COPY_PHASE_STRIP = NO;
				DEBUG_INFORMATION_FORMAT = "dwarf-with-dsym";
				ENABLE_NS_ASSERTIONS = NO;
				ENABLE_STRICT_OBJC_MSGSEND = YES;
				GCC_C_LANGUAGE_STANDARD = gnu99;
				GCC_NO_COMMON_BLOCKS = YES;
				GCC_WARN_64_TO_32_BIT_CONVERSION = YES;
				GCC_WARN_ABOUT_RETURN_TYPE = YES_ERROR;
				GCC_WARN_UNDECLARED_SELECTOR = YES;
				GCC_WARN_UNINITIALIZED_AUTOS = YES_AGGRESSIVE;
				GCC_WARN_UNUSED_FUNCTION = YES;
				GCC_WARN_UNUSED_VARIABLE = YES;
				IPHONEOS_DEPLOYMENT_TARGET = 9.3;
				MTL_ENABLE_DEBUG_INFO = NO;
				SDKROOT = iphoneos;
				TARGETED_DEVICE_FAMILY = "1,2";
				VALIDATE_PRODUCT = YES;
			};
			name = Release;
		};
		9A59A5311D10A1EF004E54AB /* Debug */ = {
			isa = XCBuildConfiguration;
			buildSettings = {
				ASSETCATALOG_COMPILER_APPICON_NAME = AppIcon;
				CODE_SIGN_IDENTITY = "iPhone Developer";
				"CODE_SIGN_IDENTITY[sdk=iphoneos*]" = "iPhone Developer";
				INFOPLIST_FILE = "Tip Calculator/Info.plist";
				LD_RUNPATH_SEARCH_PATHS = "$(inherited) @executable_path/Frameworks";
				PRODUCT_BUNDLE_IDENTIFIER = "prbodas.Tip-Calculator";
				PRODUCT_NAME = "$(TARGET_NAME)";
				PROVISIONING_PROFILE = "";
			};
			name = Debug;
		};
		9A59A5321D10A1EF004E54AB /* Release */ = {
			isa = XCBuildConfiguration;
			buildSettings = {
				ASSETCATALOG_COMPILER_APPICON_NAME = AppIcon;
				CODE_SIGN_IDENTITY = "iPhone Developer";
				"CODE_SIGN_IDENTITY[sdk=iphoneos*]" = "iPhone Developer";
				INFOPLIST_FILE = "Tip Calculator/Info.plist";
				LD_RUNPATH_SEARCH_PATHS = "$(inherited) @executable_path/Frameworks";
				PRODUCT_BUNDLE_IDENTIFIER = "prbodas.Tip-Calculator";
				PRODUCT_NAME = "$(TARGET_NAME)";
				PROVISIONING_PROFILE = "";
			};
			name = Release;
		};
		9A59A5341D10A1EF004E54AB /* Debug */ = {
			isa = XCBuildConfiguration;
			buildSettings = {
				BUNDLE_LOADER = "$(TEST_HOST)";
				INFOPLIST_FILE = "Tip CalculatorTests/Info.plist";
				LD_RUNPATH_SEARCH_PATHS = "$(inherited) @executable_path/Frameworks @loader_path/Frameworks";
				PRODUCT_BUNDLE_IDENTIFIER = "prbodas.Tip-CalculatorTests";
				PRODUCT_NAME = "$(TARGET_NAME)";
				TEST_HOST = "$(BUILT_PRODUCTS_DIR)/Tip Calculator.app/Tip Calculator";
			};
			name = Debug;
		};
		9A59A5351D10A1EF004E54AB /* Release */ = {
			isa = XCBuildConfiguration;
			buildSettings = {
				BUNDLE_LOADER = "$(TEST_HOST)";
				INFOPLIST_FILE = "Tip CalculatorTests/Info.plist";
				LD_RUNPATH_SEARCH_PATHS = "$(inherited) @executable_path/Frameworks @loader_path/Frameworks";
				PRODUCT_BUNDLE_IDENTIFIER = "prbodas.Tip-CalculatorTests";
				PRODUCT_NAME = "$(TARGET_NAME)";
				TEST_HOST = "$(BUILT_PRODUCTS_DIR)/Tip Calculator.app/Tip Calculator";
			};
			name = Release;
		};
		9A59A5371D10A1EF004E54AB /* Debug */ = {
			isa = XCBuildConfiguration;
			buildSettings = {
				INFOPLIST_FILE = "Tip CalculatorUITests/Info.plist";
				LD_RUNPATH_SEARCH_PATHS = "$(inherited) @executable_path/Frameworks @loader_path/Frameworks";
				PRODUCT_BUNDLE_IDENTIFIER = "prbodas.Tip-CalculatorUITests";
				PRODUCT_NAME = "$(TARGET_NAME)";
				TEST_TARGET_NAME = "Tip Calculator";
			};
			name = Debug;
		};
		9A59A5381D10A1EF004E54AB /* Release */ = {
			isa = XCBuildConfiguration;
			buildSettings = {
				INFOPLIST_FILE = "Tip CalculatorUITests/Info.plist";
				LD_RUNPATH_SEARCH_PATHS = "$(inherited) @executable_path/Frameworks @loader_path/Frameworks";
				PRODUCT_BUNDLE_IDENTIFIER = "prbodas.Tip-CalculatorUITests";
				PRODUCT_NAME = "$(TARGET_NAME)";
				TEST_TARGET_NAME = "Tip Calculator";
			};
			name = Release;
		};
/* End XCBuildConfiguration section */

/* Begin XCConfigurationList section */
		9A59A5031D10A1EF004E54AB /* Build configuration list for PBXProject "Tip Calculator" */ = {
			isa = XCConfigurationList;
			buildConfigurations = (
				9A59A52E1D10A1EF004E54AB /* Debug */,
				9A59A52F1D10A1EF004E54AB /* Release */,
			);
			defaultConfigurationIsVisible = 0;
			defaultConfigurationName = Release;
		};
		9A59A5301D10A1EF004E54AB /* Build configuration list for PBXNativeTarget "Tip Calculator" */ = {
			isa = XCConfigurationList;
			buildConfigurations = (
				9A59A5311D10A1EF004E54AB /* Debug */,
				9A59A5321D10A1EF004E54AB /* Release */,
			);
			defaultConfigurationIsVisible = 0;
			defaultConfigurationName = Release;
		};
		9A59A5331D10A1EF004E54AB /* Build configuration list for PBXNativeTarget "Tip CalculatorTests" */ = {
			isa = XCConfigurationList;
			buildConfigurations = (
				9A59A5341D10A1EF004E54AB /* Debug */,
				9A59A5351D10A1EF004E54AB /* Release */,
			);
			defaultConfigurationIsVisible = 0;
			defaultConfigurationName = Release;
		};
		9A59A5361D10A1EF004E54AB /* Build configuration list for PBXNativeTarget "Tip CalculatorUITests" */ = {
			isa = XCConfigurationList;
			buildConfigurations = (
				9A59A5371D10A1EF004E54AB /* Debug */,
				9A59A5381D10A1EF004E54AB /* Release */,
			);
			defaultConfigurationIsVisible = 0;
			defaultConfigurationName = Release;
		};
/* End XCConfigurationList section */
	};
	rootObject = 9A59A5001D10A1EF004E54AB /* Project object */;
}
